
Microsoft Visual Studio Solution File, Format Version 12.00
# Visual Studio Version 17
VisualStudioVersion = 17.13.35828.75 d17.13
MinimumVisualStudioVersion = 10.0.40219.1
Project("{FAE04EC0-301F-11D3-BF4B-00C04F79EFBC}") = "autotemp", "autotemp.csproj", "{0C175704-6E9C-4B7A-B0C5-AD6779CFD21D}"
EndProject
Global
	GlobalSection(SolutionConfigurationPlatforms) = preSolution
		Debug|Any CPU = Debug|Any CPU
		Release|Any CPU = Release|Any CPU
	EndGlobalSection
	GlobalSection(ProjectConfigurationPlatforms) = postSolution
		{0C175704-6E9C-4B7A-B0C5-AD6779CFD21D}.Debug|Any CPU.ActiveCfg = Debug|Any CPU
		{0C175704-6E9C-4B7A-B0C5-AD6779CFD21D}.Debug|Any CPU.Build.0 = Debug|Any CPU
		{0C175704-6E9C-4B7A-B0C5-AD6779CFD21D}.Release|Any CPU.ActiveCfg = Release|Any CPU
		{0C175704-6E9C-4B7A-B0C5-AD6779CFD21D}.Release|Any CPU.Build.0 = Release|Any CPU
	EndGlobalSection
	GlobalSection(SolutionProperties) = preSolution
		HideSolutionNode = FALSE
	EndGlobalSection
	GlobalSection(ExtensibilityGlobals) = postSolution
		SolutionGuid = {EB6F5C68-2BA1-45E0-BEFC-84BA2CCA4A4D}
	EndGlobalSection
EndGlobal
